// !$*UTF8*$!
{
	archiveVersion = 1;
	classes = {
	};
	objectVersion = 50;
	objects = {

/* Begin PBXBuildFile section */
		2229808D234D5535005270BE /* AppDelegate.swift in Sources */ = {isa = PBXBuildFile; fileRef = 2229808C234D5535005270BE /* AppDelegate.swift */; };
		2229808F234D5535005270BE /* SceneDelegate.swift in Sources */ = {isa = PBXBuildFile; fileRef = 2229808E234D5535005270BE /* SceneDelegate.swift */; };
		22298091234D5536005270BE /* ContentView.swift in Sources */ = {isa = PBXBuildFile; fileRef = 22298090234D5536005270BE /* ContentView.swift */; };
		22298093234D5537005270BE /* Assets.xcassets in Resources */ = {isa = PBXBuildFile; fileRef = 22298092234D5537005270BE /* Assets.xcassets */; };
		22298096234D5537005270BE /* Preview Assets.xcassets in Resources */ = {isa = PBXBuildFile; fileRef = 22298095234D5537005270BE /* Preview Assets.xcassets */; };
		22298099234D5537005270BE /* LaunchScreen.storyboard in Resources */ = {isa = PBXBuildFile; fileRef = 22298097234D5537005270BE /* LaunchScreen.storyboard */; };
		222C818A234D6A83004396DC /* Pokemon.swift in Sources */ = {isa = PBXBuildFile; fileRef = 222C8189234D6A83004396DC /* Pokemon.swift */; };
		222C818C234D73D0004396DC /* PokemonDetail.swift in Sources */ = {isa = PBXBuildFile; fileRef = 222C818B234D73D0004396DC /* PokemonDetail.swift */; };
		222C8190234D824D004396DC /* PokemonStore.swift in Sources */ = {isa = PBXBuildFile; fileRef = 222C818F234D824D004396DC /* PokemonStore.swift */; };
		222C8195234DE6B5004396DC /* PokemonService.swift in Sources */ = {isa = PBXBuildFile; fileRef = 222C8194234DE6B5004396DC /* PokemonService.swift */; };
/* End PBXBuildFile section */

/* Begin PBXFileReference section */
		22298089234D5535005270BE /* Flush.app */ = {isa = PBXFileReference; explicitFileType = wrapper.application; includeInIndex = 0; path = Flush.app; sourceTree = BUILT_PRODUCTS_DIR; };
		2229808C234D5535005270BE /* AppDelegate.swift */ = {isa = PBXFileReference; lastKnownFileType = sourcecode.swift; path = AppDelegate.swift; sourceTree = "<group>"; };
		2229808E234D5535005270BE /* SceneDelegate.swift */ = {isa = PBXFileReference; lastKnownFileType = sourcecode.swift; path = SceneDelegate.swift; sourceTree = "<group>"; };
		22298090234D5536005270BE /* ContentView.swift */ = {isa = PBXFileReference; lastKnownFileType = sourcecode.swift; path = ContentView.swift; sourceTree = "<group>"; };
		22298092234D5537005270BE /* Assets.xcassets */ = {isa = PBXFileReference; lastKnownFileType = folder.assetcatalog; path = Assets.xcassets; sourceTree = "<group>"; };
		22298095234D5537005270BE /* Preview Assets.xcassets */ = {isa = PBXFileReference; lastKnownFileType = folder.assetcatalog; path = "Preview Assets.xcassets"; sourceTree = "<group>"; };
		22298098234D5537005270BE /* Base */ = {isa = PBXFileReference; lastKnownFileType = file.storyboard; name = Base; path = Base.lproj/LaunchScreen.storyboard; sourceTree = "<group>"; };
		2229809A234D5537005270BE /* Info.plist */ = {isa = PBXFileReference; lastKnownFileType = text.plist.xml; path = Info.plist; sourceTree = "<group>"; };
		222C8189234D6A83004396DC /* Pokemon.swift */ = {isa = PBXFileReference; lastKnownFileType = sourcecode.swift; path = Pokemon.swift; sourceTree = "<group>"; };
		222C818B234D73D0004396DC /* PokemonDetail.swift */ = {isa = PBXFileReference; lastKnownFileType = sourcecode.swift; path = PokemonDetail.swift; sourceTree = "<group>"; };
		222C818F234D824D004396DC /* PokemonStore.swift */ = {isa = PBXFileReference; lastKnownFileType = sourcecode.swift; path = PokemonStore.swift; sourceTree = "<group>"; };
		222C8194234DE6B5004396DC /* PokemonService.swift */ = {isa = PBXFileReference; lastKnownFileType = sourcecode.swift; path = PokemonService.swift; sourceTree = "<group>"; };
/* End PBXFileReference section */

/* Begin PBXFrameworksBuildPhase section */
		22298086234D5535005270BE /* Frameworks */ = {
			isa = PBXFrameworksBuildPhase;
			buildActionMask = 2147483647;
			files = (
			);
			runOnlyForDeploymentPostprocessing = 0;
		};
/* End PBXFrameworksBuildPhase section */

/* Begin PBXGroup section */
		22298080234D5535005270BE = {
			isa = PBXGroup;
			children = (
				2229808B234D5535005270BE /* Flush */,
				2229808A234D5535005270BE /* Products */,
			);
			sourceTree = "<group>";
		};
		2229808A234D5535005270BE /* Products */ = {
			isa = PBXGroup;
			children = (
				22298089234D5535005270BE /* Flush.app */,
			);
			name = Products;
			sourceTree = "<group>";
		};
		2229808B234D5535005270BE /* Flush */ = {
			isa = PBXGroup;
			children = (
				222C8193234DE63A004396DC /* ViewModels */,
				222C8192234DE603004396DC /* Services */,
				222C8191234DE5FA004396DC /* Models */,
				2229808C234D5535005270BE /* AppDelegate.swift */,
				2229808E234D5535005270BE /* SceneDelegate.swift */,
				22298090234D5536005270BE /* ContentView.swift */,
				22298092234D5537005270BE /* Assets.xcassets */,
				22298097234D5537005270BE /* LaunchScreen.storyboard */,
				2229809A234D5537005270BE /* Info.plist */,
				22298094234D5537005270BE /* Preview Content */,
				222C818B234D73D0004396DC /* PokemonDetail.swift */,
			);
			path = Flush;
			sourceTree = "<group>";
		};
		22298094234D5537005270BE /* Preview Content */ = {
			isa = PBXGroup;
			children = (
				22298095234D5537005270BE /* Preview Assets.xcassets */,
			);
			path = "Preview Content";
			sourceTree = "<group>";
		};
		222C8191234DE5FA004396DC /* Models */ = {
			isa = PBXGroup;
			children = (
				222C8189234D6A83004396DC /* Pokemon.swift */,
			);
			path = Models;
			sourceTree = "<group>";
		};
		222C8192234DE603004396DC /* Services */ = {
			isa = PBXGroup;
			children = (
				222C8194234DE6B5004396DC /* PokemonService.swift */,
			);
			path = Services;
			sourceTree = "<group>";
		};
		222C8193234DE63A004396DC /* ViewModels */ = {
			isa = PBXGroup;
			children = (
				222C818F234D824D004396DC /* PokemonStore.swift */,
			);
			path = ViewModels;
			sourceTree = "<group>";
		};
/* End PBXGroup section */

/* Begin PBXNativeTarget section */
		22298088234D5535005270BE /* Flush */ = {
			isa = PBXNativeTarget;
			buildConfigurationList = 2229809D234D5537005270BE /* Build configuration list for PBXNativeTarget "Flush" */;
			buildPhases = (
				22298085234D5535005270BE /* Sources */,
				22298086234D5535005270BE /* Frameworks */,
				22298087234D5535005270BE /* Resources */,
			);
			buildRules = (
			);
			dependencies = (
			);
			name = Flush;
			productName = Flush;
			productReference = 22298089234D5535005270BE /* Flush.app */;
			productType = "com.apple.product-type.application";
		};
/* End PBXNativeTarget section */

/* Begin PBXProject section */
		22298081234D5535005270BE /* Project object */ = {
			isa = PBXProject;
			attributes = {
				LastSwiftUpdateCheck = 1100;
				LastUpgradeCheck = 1100;
				ORGANIZATIONNAME = "Pablo Terradillos";
				TargetAttributes = {
					22298088234D5535005270BE = {
						CreatedOnToolsVersion = 11.0;
					};
				};
			};
			buildConfigurationList = 22298084234D5535005270BE /* Build configuration list for PBXProject "Flush" */;
			compatibilityVersion = "Xcode 9.3";
			developmentRegion = en;
			hasScannedForEncodings = 0;
			knownRegions = (
				en,
				Base,
			);
			mainGroup = 22298080234D5535005270BE;
			productRefGroup = 2229808A234D5535005270BE /* Products */;
			projectDirPath = "";
			projectRoot = "";
			targets = (
				22298088234D5535005270BE /* Flush */,
			);
		};
/* End PBXProject section */

/* Begin PBXResourcesBuildPhase section */
		22298087234D5535005270BE /* Resources */ = {
			isa = PBXResourcesBuildPhase;
			buildActionMask = 2147483647;
			files = (
				22298099234D5537005270BE /* LaunchScreen.storyboard in Resources */,
				22298096234D5537005270BE /* Preview Assets.xcassets in Resources */,
				22298093234D5537005270BE /* Assets.xcassets in Resources */,
			);
			runOnlyForDeploymentPostprocessing = 0;
		};
/* End PBXResourcesBuildPhase section */

/* Begin PBXSourcesBuildPhase section */
		22298085234D5535005270BE /* Sources */ = {
			isa = PBXSourcesBuildPhase;
			buildActionMask = 2147483647;
			files = (
				2229808D234D5535005270BE /* AppDelegate.swift in Sources */,
				222C8190234D824D004396DC /* PokemonStore.swift in Sources */,
				222C818A234D6A83004396DC /* Pokemon.swift in Sources */,
				222C818C234D73D0004396DC /* PokemonDetail.swift in Sources */,
				222C8195234DE6B5004396DC /* PokemonService.swift in Sources */,
				2229808F234D5535005270BE /* SceneDelegate.swift in Sources */,
				22298091234D5536005270BE /* ContentView.swift in Sources */,
			);
			runOnlyForDeploymentPostprocessing = 0;
		};
/* End PBXSourcesBuildPhase section */

/* Begin PBXVariantGroup section */
		22298097234D5537005270BE /* LaunchScreen.storyboard */ = {
			isa = PBXVariantGroup;
			children = (
				22298098234D5537005270BE /* Base */,
			);
			name = LaunchScreen.storyboard;
			sourceTree = "<group>";
		};
/* End PBXVariantGroup section */

/* Begin XCBuildConfiguration section */
		2229809B234D5537005270BE /* Debug */ = {
			isa = XCBuildConfiguration;
			buildSettings = {
				ALWAYS_SEARCH_USER_PATHS = NO;
				CLANG_ANALYZER_NONNULL = YES;
				CLANG_ANALYZER_NUMBER_OBJECT_CONVERSION = YES_AGGRESSIVE;
				CLANG_CXX_LANGUAGE_STANDARD = "gnu++14";
				CLANG_CXX_LIBRARY = "libc++";
				CLANG_ENABLE_MODULES = YES;
				CLANG_ENABLE_OBJC_ARC = YES;
				CLANG_ENABLE_OBJC_WEAK = YES;
				CLANG_WARN_BLOCK_CAPTURE_AUTORELEASING = YES;
				CLANG_WARN_BOOL_CONVERSION = YES;
				CLANG_WARN_COMMA = YES;
				CLANG_WARN_CONSTANT_CONVERSION = YES;
				CLANG_WARN_DEPRECATED_OBJC_IMPLEMENTATIONS = YES;
				CLANG_WARN_DIRECT_OBJC_ISA_USAGE = YES_ERROR;
				CLANG_WARN_DOCUMENTATION_COMMENTS = YES;
				CLANG_WARN_EMPTY_BODY = YES;
				CLANG_WARN_ENUM_CONVERSION = YES;
				CLANG_WARN_INFINITE_RECURSION = YES;
				CLANG_WARN_INT_CONVERSION = YES;
				CLANG_WARN_NON_LITERAL_NULL_CONVERSION = YES;
				CLANG_WARN_OBJC_IMPLICIT_RETAIN_SELF = YES;
				CLANG_WARN_OBJC_LITERAL_CONVERSION = YES;
				CLANG_WARN_OBJC_ROOT_CLASS = YES_ERROR;
				CLANG_WARN_RANGE_LOOP_ANALYSIS = YES;
				CLANG_WARN_STRICT_PROTOTYPES = YES;
				CLANG_WARN_SUSPICIOUS_MOVE = YES;
				CLANG_WARN_UNGUARDED_AVAILABILITY = YES_AGGRESSIVE;
				CLANG_WARN_UNREACHABLE_CODE = YES;
				CLANG_WARN__DUPLICATE_METHOD_MATCH = YES;
				COPY_PHASE_STRIP = NO;
				DEBUG_INFORMATION_FORMAT = dwarf;
				ENABLE_STRICT_OBJC_MSGSEND = YES;
				ENABLE_TESTABILITY = YES;
				GCC_C_LANGUAGE_STANDARD = gnu11;
				GCC_DYNAMIC_NO_PIC = NO;
				GCC_NO_COMMON_BLOCKS = YES;
				GCC_OPTIMIZATION_LEVEL = 0;
				GCC_PREPROCESSOR_DEFINITIONS = (
					"DEBUG=1",
					"$(inherited)",
				);
				GCC_WARN_64_TO_32_BIT_CONVERSION = YES;
				GCC_WARN_ABOUT_RETURN_TYPE = YES_ERROR;
				GCC_WARN_UNDECLARED_SELECTOR = YES;
				GCC_WARN_UNINITIALIZED_AUTOS = YES_AGGRESSIVE;
				GCC_WARN_UNUSED_FUNCTION = YES;
				GCC_WARN_UNUSED_VARIABLE = YES;
				IPHONEOS_DEPLOYMENT_TARGET = 13.0;
				MTL_ENABLE_DEBUG_INFO = INCLUDE_SOURCE;
				MTL_FAST_MATH = YES;
				ONLY_ACTIVE_ARCH = YES;
				SDKROOT = iphoneos;
				SWIFT_ACTIVE_COMPILATION_CONDITIONS = DEBUG;
				SWIFT_OPTIMIZATION_LEVEL = "-Onone";
			};
			name = Debug;
		};
		2229809C234D5537005270BE /* Release */ = {
			isa = XCBuildConfiguration;
			buildSettings = {
				ALWAYS_SEARCH_USER_PATHS = NO;
				CLANG_ANALYZER_NONNULL = YES;
				CLANG_ANALYZER_NUMBER_OBJECT_CONVERSION = YES_AGGRESSIVE;
				CLANG_CXX_LANGUAGE_STANDARD = "gnu++14";
				CLANG_CXX_LIBRARY = "libc++";
				CLANG_ENABLE_MODULES = YES;
				CLANG_ENABLE_OBJC_ARC = YES;
				CLANG_ENABLE_OBJC_WEAK = YES;
				CLANG_WARN_BLOCK_CAPTURE_AUTORELEASING = YES;
				CLANG_WARN_BOOL_CONVERSION = YES;
				CLANG_WARN_COMMA = YES;
				CLANG_WARN_CONSTANT_CONVERSION = YES;
				CLANG_WARN_DEPRECATED_OBJC_IMPLEMENTATIONS = YES;
				CLANG_WARN_DIRECT_OBJC_ISA_USAGE = YES_ERROR;
				CLANG_WARN_DOCUMENTATION_COMMENTS = YES;
				CLANG_WARN_EMPTY_BODY = YES;
				CLANG_WARN_ENUM_CONVERSION = YES;
				CLANG_WARN_INFINITE_RECURSION = YES;
				CLANG_WARN_INT_CONVERSION = YES;
				CLANG_WARN_NON_LITERAL_NULL_CONVERSION = YES;
				CLANG_WARN_OBJC_IMPLICIT_RETAIN_SELF = YES;
				CLANG_WARN_OBJC_LITERAL_CONVERSION = YES;
				CLANG_WARN_OBJC_ROOT_CLASS = YES_ERROR;
				CLANG_WARN_RANGE_LOOP_ANALYSIS = YES;
				CLANG_WARN_STRICT_PROTOTYPES = YES;
				CLANG_WARN_SUSPICIOUS_MOVE = YES;
				CLANG_WARN_UNGUARDED_AVAILABILITY = YES_AGGRESSIVE;
				CLANG_WARN_UNREACHABLE_CODE = YES;
				CLANG_WARN__DUPLICATE_METHOD_MATCH = YES;
				COPY_PHASE_STRIP = NO;
				DEBUG_INFORMATION_FORMAT = "dwarf-with-dsym";
				ENABLE_NS_ASSERTIONS = NO;
				ENABLE_STRICT_OBJC_MSGSEND = YES;
				GCC_C_LANGUAGE_STANDARD = gnu11;
				GCC_NO_COMMON_BLOCKS = YES;
				GCC_WARN_64_TO_32_BIT_CONVERSION = YES;
				GCC_WARN_ABOUT_RETURN_TYPE = YES_ERROR;
				GCC_WARN_UNDECLARED_SELECTOR = YES;
				GCC_WARN_UNINITIALIZED_AUTOS = YES_AGGRESSIVE;
				GCC_WARN_UNUSED_FUNCTION = YES;
				GCC_WARN_UNUSED_VARIABLE = YES;
				IPHONEOS_DEPLOYMENT_TARGET = 13.0;
				MTL_ENABLE_DEBUG_INFO = NO;
				MTL_FAST_MATH = YES;
				SDKROOT = iphoneos;
				SWIFT_COMPILATION_MODE = wholemodule;
				SWIFT_OPTIMIZATION_LEVEL = "-O";
				VALIDATE_PRODUCT = YES;
			};
			name = Release;
		};
		2229809E234D5537005270BE /* Debug */ = {
			isa = XCBuildConfiguration;
			buildSettings = {
				ASSETCATALOG_COMPILER_APPICON_NAME = AppIcon;
				CODE_SIGN_STYLE = Automatic;
				DEVELOPMENT_ASSET_PATHS = "\"Flush/Preview Content\"";
				DEVELOPMENT_TEAM = 54WG6D3NB5;
				ENABLE_PREVIEWS = YES;
				INFOPLIST_FILE = Flush/Info.plist;
				LD_RUNPATH_SEARCH_PATHS = (
					"$(inherited)",
					"@executable_path/Frameworks",
				);
				PRODUCT_BUNDLE_IDENTIFIER = me.tehsis.Flush;
				PRODUCT_NAME = "$(TARGET_NAME)";
				SWIFT_VERSION = 5.0;
				TARGETED_DEVICE_FAMILY = "1,2";
			};
			name = Debug;
		};
		2229809F234D5537005270BE /* Release */ = {
			isa = XCBuildConfiguration;
			buildSettings = {
				ASSETCATALOG_COMPILER_APPICON_NAME = AppIcon;
				CODE_SIGN_STYLE = Automatic;
				DEVELOPMENT_ASSET_PATHS = "\"Flush/Preview Content\"";
				DEVELOPMENT_TEAM = 54WG6D3NB5;
				ENABLE_PREVIEWS = YES;
				INFOPLIST_FILE = Flush/Info.plist;
				LD_RUNPATH_SEARCH_PATHS = (
					"$(inherited)",
					"@executable_path/Frameworks",
				);
				PRODUCT_BUNDLE_IDENTIFIER = me.tehsis.Flush;
				PRODUCT_NAME = "$(TARGET_NAME)";
				SWIFT_VERSION = 5.0;
				TARGETED_DEVICE_FAMILY = "1,2";
			};
			name = Release;
		};
/* End XCBuildConfiguration section */

/* Begin XCConfigurationList section */
		22298084234D5535005270BE /* Build configuration list for PBXProject "Flush" */ = {
			isa = XCConfigurationList;
			buildConfigurations = (
				2229809B234D5537005270BE /* Debug */,
				2229809C234D5537005270BE /* Release */,
			);
			defaultConfigurationIsVisible = 0;
			defaultConfigurationName = Release;
		};
		2229809D234D5537005270BE /* Build configuration list for PBXNativeTarget "Flush" */ = {
			isa = XCConfigurationList;
			buildConfigurations = (
				2229809E234D5537005270BE /* Debug */,
				2229809F234D5537005270BE /* Release */,
			);
			defaultConfigurationIsVisible = 0;
			defaultConfigurationName = Release;
		};
/* End XCConfigurationList section */
	};
	rootObject = 22298081234D5535005270BE /* Project object */;
}
